
Microsoft Visual Studio Solution File, Format Version 11.00
# Visual Studio 2010
Project("{8BC9CEB8-8B4A-11D0-8D11-00A0C91BC942}") = "ReTarde", "ReTarde\ReTarde.vcxproj", "{31A9D1B4-2C51-4284-AE91-815A2E7FE567}"
EndProject
Global
	GlobalSection(SolutionConfigurationPlatforms) = preSolution
		Debug|Win32 = Debug|Win32
		Release|Win32 = Release|Win32
	EndGlobalSection
	GlobalSection(ProjectConfigurationPlatforms) = postSolution
		{31A9D1B4-2C51-4284-AE91-815A2E7FE567}.Debug|Win32.ActiveCfg = Debug|Win32
		{31A9D1B4-2C51-4284-AE91-815A2E7FE567}.Debug|Win32.Build.0 = Debug|Win32
		{31A9D1B4-2C51-4284-AE91-815A2E7FE567}.Release|Win32.ActiveCfg = Release|Win32
		{31A9D1B4-2C51-4284-AE91-815A2E7FE567}.Release|Win32.Build.0 = Release|Win32
	EndGlobalSection
	GlobalSection(SolutionProperties) = preSolution
		HideSolutionNode = FALSE
	EndGlobalSection
EndGlobal
