
Microsoft Visual Studio Solution File, Format Version 11.00
# Visual Studio 2010
Project("{8BC9CEB8-8B4A-11D0-8D11-00A0C91BC942}") = "Restaurante", "Restaurante\Restaurante.vcxproj", "{6D527B3A-4426-41C5-8777-13AD9D4AD6AA}"
EndProject
Global
	GlobalSection(SolutionConfigurationPlatforms) = preSolution
		Debug|Win32 = Debug|Win32
		Release|Win32 = Release|Win32
	EndGlobalSection
	GlobalSection(ProjectConfigurationPlatforms) = postSolution
		{6D527B3A-4426-41C5-8777-13AD9D4AD6AA}.Debug|Win32.ActiveCfg = Debug|Win32
		{6D527B3A-4426-41C5-8777-13AD9D4AD6AA}.Debug|Win32.Build.0 = Debug|Win32
		{6D527B3A-4426-41C5-8777-13AD9D4AD6AA}.Release|Win32.ActiveCfg = Release|Win32
		{6D527B3A-4426-41C5-8777-13AD9D4AD6AA}.Release|Win32.Build.0 = Release|Win32
	EndGlobalSection
	GlobalSection(SolutionProperties) = preSolution
		HideSolutionNode = FALSE
	EndGlobalSection
EndGlobal
