
Microsoft Visual Studio Solution File, Format Version 11.00
# Visual Studio 2010
Project("{8BC9CEB8-8B4A-11D0-8D11-00A0C91BC942}") = "BuscaBinariaMeu", "BuscaBinariaMeu\BuscaBinariaMeu.vcxproj", "{C3B8BC70-C889-470B-B7A1-EB757A7C5531}"
EndProject
Global
	GlobalSection(SolutionConfigurationPlatforms) = preSolution
		Debug|Win32 = Debug|Win32
		Release|Win32 = Release|Win32
	EndGlobalSection
	GlobalSection(ProjectConfigurationPlatforms) = postSolution
		{C3B8BC70-C889-470B-B7A1-EB757A7C5531}.Debug|Win32.ActiveCfg = Debug|Win32
		{C3B8BC70-C889-470B-B7A1-EB757A7C5531}.Debug|Win32.Build.0 = Debug|Win32
		{C3B8BC70-C889-470B-B7A1-EB757A7C5531}.Release|Win32.ActiveCfg = Release|Win32
		{C3B8BC70-C889-470B-B7A1-EB757A7C5531}.Release|Win32.Build.0 = Release|Win32
	EndGlobalSection
	GlobalSection(SolutionProperties) = preSolution
		HideSolutionNode = FALSE
	EndGlobalSection
EndGlobal
